
Microsoft Visual Studio Solution File, Format Version 12.00
# Visual Studio 2013
VisualStudioVersion = 12.0.21005.1
MinimumVisualStudioVersion = 10.0.40219.1
Project("{FAE04EC0-301F-11D3-BF4B-00C04F79EFBC}") = "PlatformWin32", "PlatformWin32\PlatformWin32.csproj", "{E3EB8B97-EB37-4446-B956-44833677E30F}"
EndProject
Global
	GlobalSection(SolutionConfigurationPlatforms) = preSolution
		Debug|Any CPU = Debug|Any CPU
		Release|Any CPU = Release|Any CPU
	EndGlobalSection
	GlobalSection(ProjectConfigurationPlatforms) = postSolution
		{E3EB8B97-EB37-4446-B956-44833677E30F}.Debug|Any CPU.ActiveCfg = Debug|Any CPU
		{E3EB8B97-EB37-4446-B956-44833677E30F}.Debug|Any CPU.Build.0 = Debug|Any CPU
		{E3EB8B97-EB37-4446-B956-44833677E30F}.Release|Any CPU.ActiveCfg = Release|Any CPU
		{E3EB8B97-EB37-4446-B956-44833677E30F}.Release|Any CPU.Build.0 = Release|Any CPU
	EndGlobalSection
	GlobalSection(SolutionProperties) = preSolution
		HideSolutionNode = FALSE
	EndGlobalSection
EndGlobal
